version: 6
environments:
  default:
    channels:
    - url: https://conda.anaconda.org/conda-forge/
    - url: https://conda.modular.com/max-nightly/
    options:
      pypi-prerelease-mode: if-necessary-or-explicit
    packages:
      linux-64:
      - conda: https://conda.anaconda.org/conda-forge/linux-64/_openmp_mutex-4.5-20_gnu.conda
      - conda: https://conda.anaconda.org/conda-forge/noarch/_python_abi3_support-1.0-hd8ed1ab_3.conda
      - conda: https://conda.anaconda.org/conda-forge/linux-64/bzip2-1.0.8-hda65f42_10.conda
      - conda: https://conda.anaconda.org/conda-forge/noarch/ca-certificates-2026.7.22-hbd8a1cb_0.conda
      - conda: https://conda.anaconda.org/conda-forge/noarch/click-8.5.0-pyh5ded981_0.conda
      - conda: https://conda.anaconda.org/conda-forge/noarch/cpython-3.12.14-py312hd8ed1ab_3.conda
      - conda: https://conda.anaconda.org/conda-forge/noarch/exceptiongroup-1.3.1-pyhd8ed1ab_0.conda
      - conda: https://conda.anaconda.org/conda-forge/linux-64/icu-78.3-py310h44b86e0_2.conda
      - conda: https://conda.anaconda.org/conda-forge/noarch/importlib-metadata-9.0.1-pyhcf101f3_0.conda
      - conda: https://conda.anaconda.org/conda-forge/noarch/jupyter_client-8.6.3-pyhd8ed1ab_1.conda
      - conda: https://conda.anaconda.org/conda-forge/noarch/jupyter_core-5.9.1-pyhc90fa1f_0.conda
      - conda: https://conda.anaconda.org/conda-forge/linux-64/keyutils-1.6.3-h7cc23a3_1.conda
      - conda: https://conda.anaconda.org/conda-forge/linux-64/krb5-1.22.2-hbc21106_2.conda
      - conda: https://conda.anaconda.org/conda-forge/linux-64/ld_impl_linux-64-2.46.1-default_hbd61a6d_102.conda
      - conda: https://conda.anaconda.org/conda-forge/linux-64/libblas-3.11.0-11_h4a7cf45_openblas.conda
      - conda: https://conda.anaconda.org/conda-forge/linux-64/libcblas-3.11.0-11_h0358290_openblas.conda
      - conda: https://conda.anaconda.org/conda-forge/linux-64/libedit-3.1.20250104-pl5321h373387f_1.conda
      - conda: https://conda.anaconda.org/conda-forge/linux-64/libexpat-2.8.1-hecca717_1.conda
      - conda: https://conda.anaconda.org/conda-forge/linux-64/libffi-3.7.0-h81df57d_1.conda
      - conda: https://conda.anaconda.org/conda-forge/linux-64/libgcc-16.2.0-ha9f2e26_5.conda
      - conda: https://conda.anaconda.org/conda-forge/linux-64/libgfortran-16.2.0-h69a702a_5.conda
      - conda: https://conda.anaconda.org/conda-forge/linux-64/libgfortran5-16.2.0-h6b99dfc_5.conda
      - conda: https://conda.anaconda.org/conda-forge/linux-64/libgomp-16.2.0-he0feb66_5.conda
      - conda: https://conda.anaconda.org/conda-forge/linux-64/liblapack-3.11.0-11_h47877c9_openblas.conda
      - conda: https://conda.anaconda.org/conda-forge/linux-64/liblzma-5.8.3-hb03c661_1.conda
      - conda: https://conda.anaconda.org/conda-forge/linux-64/libnsl-2.0.1-hb9d3cd8_1.conda
      - conda: https://conda.anaconda.org/conda-forge/linux-64/libopenblas-0.3.34-pthreads_hf13c14d_2.conda
      - conda: https://conda.anaconda.org/conda-forge/linux-64/libpython-3.12.14-h0c77377_3_cpython.conda
      - conda: https://conda.anaconda.org/conda-forge/linux-64/libsodium-1.0.22-hebe6cf0_3.conda
      - conda: https://conda.anaconda.org/conda-forge/linux-64/libsqlite-3.53.4-h13e7031_1.conda
      - conda: https://conda.anaconda.org/conda-forge/linux-64/libstdcxx-16.2.0-h934c35e_5.conda
      - conda: https://conda.anaconda.org/conda-forge/linux-64/libuuid-2.42.3-hcfc3c73_0.conda
      - conda: https://conda.anaconda.org/conda-forge/linux-64/libxcrypt-4.4.38-h280c20c_0.conda
      - conda: https://conda.anaconda.org/conda-forge/linux-64/libzlib-1.3.2-h25fd6f3_3.conda
      - conda: https://conda.anaconda.org/conda-forge/noarch/markdown-it-py-4.2.0-pyhd8ed1ab_0.conda
      - conda: https://conda.modular.com/max-nightly/linux-64/max-26.7.0.dev2026091805-3.12release.conda
      - conda: https://conda.modular.com/max-nightly/linux-64/max-core-26.7.0.dev2026091805-release.conda
      - conda: https://conda.modular.com/max-nightly/noarch/mblack-26.7.0.dev2026091805-release.conda
      - conda: https://conda.anaconda.org/conda-forge/noarch/mdurl-0.1.2-pyhd8ed1ab_1.conda
      - conda: https://conda.modular.com/max-nightly/linux-64/mojo-1.2.0.dev2026091805-release.conda
      - conda: https://conda.modular.com/max-nightly/linux-64/mojo-compiler-1.2.0.dev2026091805-release.conda
      - conda: https://conda.modular.com/max-nightly/noarch/mojo-python-1.2.0.dev2026091805-release.conda
      - conda: https://conda.anaconda.org/conda-forge/linux-64/msgspec-0.21.1-py312h5cc1888_1.conda
      - conda: https://conda.anaconda.org/conda-forge/noarch/mypy_extensions-1.1.0-pyha770c72_0.conda
      - conda: https://conda.anaconda.org/conda-forge/linux-64/ncurses-6.6-hdb14827_1.conda
      - conda: https://conda.anaconda.org/conda-forge/linux-64/numpy-2.5.3-py312he827f4e_0.conda
      - conda: https://conda.anaconda.org/conda-forge/linux-64/openssl-3.6.4-h781a0a9_0.conda
      - conda: https://conda.anaconda.org/conda-forge/noarch/packaging-26.3-pyhc364b38_0.conda
      - conda: https://conda.anaconda.org/conda-forge/noarch/pathspec-1.1.1-pyhd8ed1ab_0.conda
      - conda: https://conda.anaconda.org/conda-forge/noarch/platformdirs-4.11.8-pyh5ded981_0.conda
      - conda: https://conda.anaconda.org/conda-forge/linux-64/psutil-7.2.2-py312h1b36aeb_3.conda
      - conda: https://conda.anaconda.org/conda-forge/noarch/pygments-2.21.0-pyhcf101f3_0.conda
      - conda: https://conda.anaconda.org/conda-forge/linux-64/python-3.12.14-h5f976f7_3_cpython.conda
      - conda: https://conda.anaconda.org/conda-forge/noarch/python-dateutil-2.9.0.post0-pyhe01879c_2.conda
      - conda: https://conda.anaconda.org/conda-forge/noarch/python-gil-3.12.14-hd8ed1ab_3.conda
      - conda: https://conda.anaconda.org/conda-forge/noarch/python_abi-3.12-9_cp312.conda
      - conda: https://conda.anaconda.org/conda-forge/linux-64/pyzmq-27.2.0-py312h8a5ba0d_2.conda
      - conda: https://conda.anaconda.org/conda-forge/linux-64/readline-8.3-hd6e31c0_1.conda
      - conda: https://conda.anaconda.org/conda-forge/noarch/rich-15.0.0-pyhcf101f3_0.conda
      - conda: https://conda.anaconda.org/conda-forge/noarch/six-1.17.0-pyhe01879c_1.conda
      - conda: https://conda.anaconda.org/conda-forge/noarch/taskgroup-0.2.2-pyhd8ed1ab_0.conda
      - conda: https://conda.anaconda.org/conda-forge/linux-64/tk-8.6.13-noxft_h1df4ec4_4.conda
      - conda: https://conda.anaconda.org/conda-forge/noarch/tomli-2.4.1-pyhcf101f3_0.conda
      - conda: https://conda.anaconda.org/conda-forge/linux-64/tornado-6.5.8-py312h5cc1888_2.conda
      - conda: https://conda.anaconda.org/conda-forge/noarch/traitlets-5.16.1-pyhcf101f3_0.conda
      - conda: https://conda.anaconda.org/conda-forge/noarch/typing-extensions-4.16.0-h69aa097_0.conda
      - conda: https://conda.anaconda.org/conda-forge/noarch/typing_extensions-4.16.0-pyhcf101f3_0.conda
      - conda: https://conda.anaconda.org/conda-forge/noarch/tzdata-2026c-h151e31d_0.conda
      - conda: https://conda.anaconda.org/conda-forge/linux-64/zeromq-4.3.5-h901266b_12.conda
      - conda: https://conda.anaconda.org/conda-forge/noarch/zipp-4.1.0-pyhcf101f3_0.conda
      - conda: https://conda.anaconda.org/conda-forge/linux-64/zstd-1.5.7-hb78ec9c_7.conda
  dev:
    channels:
    - url: https://conda.anaconda.org/conda-forge/
    - url: https://conda.modular.com/max-nightly/
    options:
      pypi-prerelease-mode: if-necessary-or-explicit
    packages:
      linux-64:
      - conda: https://conda.anaconda.org/conda-forge/linux-64/_openmp_mutex-4.5-20_gnu.conda
      - conda: https://conda.anaconda.org/conda-forge/noarch/_python_abi3_support-1.0-hd8ed1ab_3.conda
      - conda: https://conda.anaconda.org/conda-forge/linux-64/bzip2-1.0.8-hda65f42_10.conda
      - conda: https://conda.anaconda.org/conda-forge/noarch/ca-certificates-2026.7.22-hbd8a1cb_0.conda
      - conda: https://conda.anaconda.org/conda-forge/linux-64/cffi-2.1.1-py312h703531f_3.conda
      - conda: https://conda.anaconda.org/conda-forge/noarch/cfgv-3.5.0-pyhd8ed1ab_0.conda
      - conda: https://conda.anaconda.org/conda-forge/noarch/click-8.5.0-pyh5ded981_0.conda
      - conda: https://conda.anaconda.org/conda-forge/noarch/cpython-3.12.14-py312hd8ed1ab_3.conda
      - conda: https://conda.anaconda.org/conda-forge/noarch/distlib-0.4.3-pyhcf101f3_0.conda
      - conda: https://conda.anaconda.org/conda-forge/noarch/exceptiongroup-1.3.1-pyhd8ed1ab_0.conda
      - conda: https://conda.anaconda.org/conda-forge/noarch/filelock-3.32.6-pyhd8ed1ab_0.conda
      - conda: https://conda.anaconda.org/conda-forge/linux-64/icu-78.3-py310h44b86e0_2.conda
      - conda: https://conda.anaconda.org/conda-forge/noarch/identify-2.6.19-pyhd8ed1ab_0.conda
      - conda: https://conda.anaconda.org/conda-forge/noarch/importlib-metadata-9.0.1-pyhcf101f3_0.conda
      - conda: https://conda.anaconda.org/conda-forge/noarch/jupyter_client-8.6.3-pyhd8ed1ab_1.conda
      - conda: https://conda.anaconda.org/conda-forge/noarch/jupyter_core-5.9.1-pyhc90fa1f_0.conda
      - conda: https://conda.anaconda.org/conda-forge/linux-64/keyutils-1.6.3-h7cc23a3_1.conda
      - conda: https://conda.anaconda.org/conda-forge/linux-64/krb5-1.22.2-hbc21106_2.conda
      - conda: https://conda.anaconda.org/conda-forge/linux-64/ld_impl_linux-64-2.46.1-default_hbd61a6d_102.conda
      - conda: https://conda.anaconda.org/conda-forge/linux-64/libblas-3.11.0-11_h4a7cf45_openblas.conda
      - conda: https://conda.anaconda.org/conda-forge/linux-64/libcblas-3.11.0-11_h0358290_openblas.conda
      - conda: https://conda.anaconda.org/conda-forge/linux-64/libedit-3.1.20250104-pl5321h373387f_1.conda
      - conda: https://conda.anaconda.org/conda-forge/linux-64/libexpat-2.8.1-hecca717_1.conda
      - conda: https://conda.anaconda.org/conda-forge/linux-64/libffi-3.7.0-h81df57d_1.conda
      - conda: https://conda.anaconda.org/conda-forge/linux-64/libgcc-16.2.0-ha9f2e26_5.conda
      - conda: https://conda.anaconda.org/conda-forge/linux-64/libgfortran-16.2.0-h69a702a_5.conda
      - conda: https://conda.anaconda.org/conda-forge/linux-64/libgfortran5-16.2.0-h6b99dfc_5.conda
      - conda: https://conda.anaconda.org/conda-forge/linux-64/libgomp-16.2.0-he0feb66_5.conda
      - conda: https://conda.anaconda.org/conda-forge/linux-64/liblapack-3.11.0-11_h47877c9_openblas.conda
      - conda: https://conda.anaconda.org/conda-forge/linux-64/liblzma-5.8.3-hb03c661_1.conda
      - conda: https://conda.anaconda.org/conda-forge/linux-64/libnsl-2.0.1-hb9d3cd8_1.conda
      - conda: https://conda.anaconda.org/conda-forge/linux-64/libopenblas-0.3.34-pthreads_hf13c14d_2.conda
      - conda: https://conda.anaconda.org/conda-forge/linux-64/libpython-3.12.14-h0c77377_3_cpython.conda
      - conda: https://conda.anaconda.org/conda-forge/linux-64/libsodium-1.0.22-hebe6cf0_3.conda
      - conda: https://conda.anaconda.org/conda-forge/linux-64/libsqlite-3.53.4-h13e7031_1.conda
      - conda: https://conda.anaconda.org/conda-forge/linux-64/libstdcxx-16.2.0-h934c35e_5.conda
      - conda: https://conda.anaconda.org/conda-forge/linux-64/libuuid-2.42.3-hcfc3c73_0.conda
      - conda: https://conda.anaconda.org/conda-forge/linux-64/libxcrypt-4.4.38-h280c20c_0.conda
      - conda: https://conda.anaconda.org/conda-forge/linux-64/libzlib-1.3.2-h25fd6f3_3.conda
      - conda: https://conda.anaconda.org/conda-forge/noarch/markdown-it-py-4.2.0-pyhd8ed1ab_0.conda
      - conda: https://conda.modular.com/max-nightly/linux-64/max-26.7.0.dev2026091805-3.12release.conda
      - conda: https://conda.modular.com/max-nightly/linux-64/max-core-26.7.0.dev2026091805-release.conda
      - conda: https://conda.modular.com/max-nightly/noarch/mblack-26.7.0.dev2026091805-release.conda
      - conda: https://conda.anaconda.org/conda-forge/noarch/mdurl-0.1.2-pyhd8ed1ab_1.conda
      - conda: https://conda.modular.com/max-nightly/linux-64/mojo-1.2.0.dev2026091805-release.conda
      - conda: https://conda.modular.com/max-nightly/linux-64/mojo-compiler-1.2.0.dev2026091805-release.conda
      - conda: https://conda.modular.com/max-nightly/noarch/mojo-python-1.2.0.dev2026091805-release.conda
      - conda: https://conda.anaconda.org/conda-forge/linux-64/msgspec-0.21.1-py312h5cc1888_1.conda
      - conda: https://conda.anaconda.org/conda-forge/noarch/mypy_extensions-1.1.0-pyha770c72_0.conda
      - conda: https://conda.anaconda.org/conda-forge/linux-64/ncurses-6.6-hdb14827_1.conda
      - conda: https://conda.anaconda.org/conda-forge/noarch/nodeenv-1.10.0-pyhd8ed1ab_0.conda
      - conda: https://conda.anaconda.org/conda-forge/linux-64/numpy-2.5.3-py312he827f4e_0.conda
      - conda: https://conda.anaconda.org/conda-forge/linux-64/openssl-3.6.4-h781a0a9_0.conda
      - conda: https://conda.anaconda.org/conda-forge/noarch/packaging-26.3-pyhc364b38_0.conda
      - conda: https://conda.anaconda.org/conda-forge/noarch/pathspec-1.1.1-pyhd8ed1ab_0.conda
      - conda: https://conda.anaconda.org/conda-forge/noarch/platformdirs-4.11.8-pyh5ded981_0.conda
      - conda: https://conda.anaconda.org/conda-forge/noarch/pre-commit-4.6.2-pyha770c72_0.conda
      - conda: https://conda.anaconda.org/conda-forge/linux-64/psutil-7.2.2-py312h1b36aeb_3.conda
      - conda: https://conda.anaconda.org/conda-forge/noarch/pycparser-3.0-pyhcf101f3_0.conda
      - conda: https://conda.anaconda.org/conda-forge/noarch/pygments-2.21.0-pyhcf101f3_0.conda
      - conda: https://conda.anaconda.org/conda-forge/linux-64/python-3.12.14-h5f976f7_3_cpython.conda
      - conda: https://conda.anaconda.org/conda-forge/noarch/python-dateutil-2.9.0.post0-pyhe01879c_2.conda
      - conda: https://conda.anaconda.org/conda-forge/noarch/python-discovery-1.6.0-pyhcf101f3_0.conda
      - conda: https://conda.anaconda.org/conda-forge/noarch/python-gil-3.12.14-hd8ed1ab_3.conda
      - conda: https://conda.anaconda.org/conda-forge/noarch/python_abi-3.12-9_cp312.conda
      - conda: https://conda.anaconda.org/conda-forge/linux-64/pyyaml-6.0.3-py312h8a5da7c_1.conda
      - conda: https://conda.anaconda.org/conda-forge/linux-64/pyzmq-27.2.0-py312h8a5ba0d_2.conda
      - conda: https://conda.anaconda.org/conda-forge/linux-64/readline-8.3-hd6e31c0_1.conda
      - conda: https://conda.anaconda.org/conda-forge/noarch/rich-15.0.0-pyhcf101f3_0.conda
      - conda: https://conda.anaconda.org/conda-forge/noarch/setuptools-84.0.0-pyh332efcf_0.conda
      - conda: https://conda.anaconda.org/conda-forge/noarch/six-1.17.0-pyhe01879c_1.conda
      - conda: https://conda.anaconda.org/conda-forge/noarch/taskgroup-0.2.2-pyhd8ed1ab_0.conda
      - conda: https://conda.anaconda.org/conda-forge/linux-64/tk-8.6.13-noxft_h1df4ec4_4.conda
      - conda: https://conda.anaconda.org/conda-forge/noarch/tomli-2.4.1-pyhcf101f3_0.conda
      - conda: https://conda.anaconda.org/conda-forge/linux-64/tornado-6.5.8-py312h5cc1888_2.conda
      - conda: https://conda.anaconda.org/conda-forge/noarch/traitlets-5.16.1-pyhcf101f3_0.conda
      - conda: https://conda.anaconda.org/conda-forge/noarch/typing-extensions-4.16.0-h69aa097_0.conda
      - conda: https://conda.anaconda.org/conda-forge/noarch/typing_extensions-4.16.0-pyhcf101f3_0.conda
      - conda: https://conda.anaconda.org/conda-forge/noarch/tzdata-2026c-h151e31d_0.conda
      - conda: https://conda.anaconda.org/conda-forge/linux-64/ukkonen-1.1.0-py312hd9148b4_0.conda
      - conda: https://conda.anaconda.org/conda-forge/noarch/virtualenv-21.7.9-pyh5ded981_0.conda
      - conda: https://conda.anaconda.org/conda-forge/linux-64/yaml-0.2.5-hebe6cf0_3.conda
      - conda: https://conda.anaconda.org/conda-forge/linux-64/zeromq-4.3.5-h901266b_12.conda
      - conda: https://conda.anaconda.org/conda-forge/noarch/zipp-4.1.0-pyhcf101f3_0.conda
      - conda: https://conda.anaconda.org/conda-forge/linux-64/zstd-1.5.7-hb78ec9c_7.conda
packages:
- conda: https://conda.anaconda.org/conda-forge/linux-64/_openmp_mutex-4.5-20_gnu.conda
  build_number: 20
  sha256: 1dd3fffd892081df9726d7eb7e0dea6198962ba775bd88842135a4ddb4deb3c9
  md5: a9f577daf3de00bca7c3c76c0ecbd1de
  depends:
  - __glibc >=2.17,<3.0.a0
  - libgomp >=7.5.0
  constrains:
  - openmp_impl <0.0a0
  license: BSD-3-Clause
  license_family: BSD
  size: 28948
  timestamp: 1770939786096
- conda: https://conda.anaconda.org/conda-forge/noarch/_python_abi3_support-1.0-hd8ed1ab_3.conda
  sha256: 2a7204314663eeda5dec482a956f0e2eaf289bd5b9953eaaaad0e81aa64638f2
  md5: 3845f3d75991bae0fb90884662f4327c
  depends:
  - cpython
  - python-gil
  license: MIT
  license_family: MIT
  size: 8144
  timestamp: 1784221492234
- conda: https://conda.anaconda.org/conda-forge/linux-64/bzip2-1.0.8-hda65f42_10.conda
  sha256: 1a0d382c515ebf55f8ee1f38c8b81bc95af5c2acc42ad53b66bc5df932032f96
  md5: e675fabcf81499adc7edf58124fb1e01
  depends:
  - __glibc >=2.17,<3.0.a0
  - libgcc >=14
  license: bzip2-1.0.6
  license_family: BSD
  size: 257808
  timestamp: 1785906269155
- conda: https://conda.anaconda.org/conda-forge/noarch/ca-certificates-2026.7.22-hbd8a1cb_0.conda
  sha256: 0a0544cf95f64394fe4959286f5c71f5444ad58feb0602e53becb27448d24da6
  md5: 0f51e2391ade309db462a55611263e9c
  depends:
  - __unix
  license: ISC
  size: 131780
  timestamp: 1784754889428
- conda: https://conda.anaconda.org/conda-forge/linux-64/cffi-2.1.1-py312h703531f_3.conda
  sha256: 7c6e8b24d62e0bfa5d14050cd29053778f399feefa7d6887b04575210285a849
  md5: 41f019d067f8c52c6d9283d8afb28889
  depends:
  - __glibc >=2.17,<3.0.a0
  - libffi >=3.7.0,<3.8.0a0
  - libgcc >=15
  - pycparser
  - python >=3.12,<3.13.0a0
  - python_abi 3.12.* *_cp312
  license: MIT
  license_family: MIT
  size: 302937
  timestamp: 1788485303634
- conda: https://conda.anaconda.org/conda-forge/noarch/cfgv-3.5.0-pyhd8ed1ab_0.conda
  sha256: aa589352e61bb221351a79e5946d56916e3c595783994884accdb3b97fe9d449
  md5: 381bd45fb7aa032691f3063aff47e3a1
  depends:
  - python >=3.10
  license: MIT
  license_family: MIT
  size: 13589
  timestamp: 1763607964133
- conda: https://conda.anaconda.org/conda-forge/noarch/click-8.5.0-pyh5ded981_0.conda
  sha256: 9afb0c2c089330321a219c7ee5a25313bd574d4024be606cbb33e7a5735df662
  md5: dea5b13a211bbf99876deb980b408a66
  depends:
  - python >=3.11
  - python
  license: BSD-3-Clause
  license_family: BSD
  size: 112341
  timestamp: 1788802215348
- conda: https://conda.anaconda.org/conda-forge/noarch/cpython-3.12.14-py312hd8ed1ab_3.conda
  noarch: generic
  sha256: 1052869d599008850098c033f9568a2e28bb31238705969719be69a87474cc93
  md5: adee9213d9a98d7f8b5627209c8b4ae0
  depends:
  - python >=3.12,<3.13.0a0
  - python_abi * *_cp312
  license: Python-2.0
  size: 47172
  timestamp: 1788391292962
- conda: https://conda.anaconda.org/conda-forge/noarch/distlib-0.4.3-pyhcf101f3_0.conda
  sha256: e2753997b8bd34205f42be01b8bab8037423dc30c02a1ec12de23e5b4c0b0a2e
  md5: 58638f77697c4f6726753eb8be34818b
  depends:
  - python >=3.10
  - python
  license: Apache-2.0
  license_family: APACHE
  size: 303705
  timestamp: 1781320269259
- conda: https://conda.anaconda.org/conda-forge/noarch/exceptiongroup-1.3.1-pyhd8ed1ab_0.conda
  sha256: ee6cf346d017d954255bbcbdb424cddea4d14e4ed7e9813e429db1d795d01144
  md5: 8e662bd460bda79b1ea39194e3c4c9ab
  depends:
  - python >=3.10
  - typing_extensions >=4.6.0
  license: MIT and PSF-2.0
  size: 21333
  timestamp: 1763918099466
- conda: https://conda.anaconda.org/conda-forge/noarch/filelock-3.32.6-pyhd8ed1ab_0.conda
  sha256: f20f0d74a3e31131ec02e24dc555bcf1446bd275c968fc601ec86a8633f7608d
  md5: 42afc06f6512975dc9ee5afc15dcc3ee
  depends:
  - python >=3.11
  license: Unlicense
  size: 78889
  timestamp: 1788940924870
- conda: https://conda.anaconda.org/conda-forge/linux-64/icu-78.3-py310h44b86e0_2.conda
  sha256: 9f07834f0c546ab14d885ce0366285f61f44e326c0edd1fc63b8294e113ae432
  md5: 72a381cbad04f24b1c2a43ef707f45b4
  depends:
  - __glibc >=2.17,<3.0.a0
  - libstdcxx >=14
  - libgcc >=14
  license: MIT
  license_family: MIT
  size: 14459115
  timestamp: 1786545741408
- conda: https://conda.anaconda.org/conda-forge/noarch/identify-2.6.19-pyhd8ed1ab_0.conda
  sha256: 381cedccf0866babfc135d65ee40b778bd20e927d2a5ec810f750c5860a7c5b8
  md5: 84a3233b709a289a4ddd7a2fd27dd988
  depends:
  - python >=3.10
  - ukkonen
  license: MIT
  license_family: MIT
  size: 79757
  timestamp: 1776455344188
- conda: https://conda.anaconda.org/conda-forge/noarch/importlib-metadata-9.0.1-pyhcf101f3_0.conda
  sha256: 95a074a7d3f58b3494c068d4789c364dcb591c56b70ca6b12f149a540f9aeea4
  md5: 77ec68e0aa61c3fff9ecbf840f93d64e
  depends:
  - python >=3.10
  - zipp >=3.20
  - python
  license: Apache-2.0
  license_family: APACHE
  size: 34920
  timestamp: 1787943971257
- conda: https://conda.anaconda.org/conda-forge/noarch/jupyter_client-8.6.3-pyhd8ed1ab_1.conda
  sha256: 19d8bd5bb2fde910ec59e081eeb59529491995ce0d653a5209366611023a0b3a
  md5: 4ebae00eae9705b0c3d6d1018a81d047
  depends:
  - importlib-metadata >=4.8.3
  - jupyter_core >=4.12,!=5.0.*
  - python >=3.9
  - python-dateutil >=2.8.2
  - pyzmq >=23.0
  - tornado >=6.2
  - traitlets >=5.3
  license: BSD-3-Clause
  license_family: BSD
  size: 106342
  timestamp: 1733441040958
- conda: https://conda.anaconda.org/conda-forge/noarch/jupyter_core-5.9.1-pyhc90fa1f_0.conda
  sha256: 1d34b80e5bfcd5323f104dbf99a2aafc0e5d823019d626d0dce5d3d356a2a52a
  md5: b38fe4e78ee75def7e599843ef4c1ab0
  depends:
  - __unix
  - python
  - platformdirs >=2.5
  - python >=3.10
  - traitlets >=5.3
  - python
  constrains:
  - pywin32 >=300
  license: BSD-3-Clause
  license_family: BSD
  size: 65503
  timestamp: 1760643864586
- conda: https://conda.anaconda.org/conda-forge/linux-64/keyutils-1.6.3-h7cc23a3_1.conda
  sha256: dd053c96dcb0dcfd59422aefea9d2fe937a190167f34fba7893ec1e10a7e8963
  md5: ba55d1b89fd7775e67de8291029b4059
  depends:
  - __glibc >=2.17,<3.0.a0
  - libgcc >=15
  license: LGPL-2.1-or-later
  size: 135295
  timestamp: 1786739238128
- conda: https://conda.anaconda.org/conda-forge/linux-64/krb5-1.22.2-hbc21106_2.conda
  sha256: 2a5c38c85e63df84c4e69ee71439841ce570d259ae3060627bb9a49a938d66f4
  md5: 53318d715316929a574f83591308b1f8
  depends:
  - __glibc >=2.17,<3.0.a0
  - keyutils >=1.6.3,<2.0a0
  - libedit >=3.1.20250104,<3.2.0a0
  - libedit >=3.1.20250104,<4.0a0
  - libgcc >=15
  - libstdcxx >=15
  - openssl >=3.5.7,<4.0a0
  license: MIT
  license_family: MIT
  size: 1394333
  timestamp: 1786762112514
- conda: https://conda.anaconda.org/conda-forge/linux-64/ld_impl_linux-64-2.46.1-default_hbd61a6d_102.conda
  sha256: 27d83f1188cd19bcb7754a078b3fa7f4cfb8527f8eb2fde54dd01fc529d1adec
  md5: 449500f2c089da11c40f5c21312e3e07
  depends:
  - __glibc >=2.17,<3.0.a0
  - zstd >=1.5.7,<1.6.0a0
  constrains:
  - binutils_impl_linux-64 2.46.1
  license: GPL-3.0-only
  license_family: GPL
  size: 745303
  timestamp: 1784214507189
- conda: https://conda.anaconda.org/conda-forge/linux-64/libblas-3.11.0-11_h4a7cf45_openblas.conda
  build_number: 11
  sha256: d942e0c820d60a613a6f786d074f0820fb6343e3f1ccfb110b1d98b44fb75968
  md5: b8cce1486f3c62f33291d6318c193d0d
  depends:
  - libopenblas >=0.3.34,<0.3.35.0a0
  - libopenblas >=0.3.34,<1.0a0
  constrains:
  - blas 2.311   openblas
  - libcblas   3.11.0   11*_openblas
  - liblapack  3.11.0   11*_openblas
  - liblapacke 3.11.0   11*_openblas
  - mkl <2027
  license: BSD-3-Clause
  license_family: BSD
  size: 18246
  timestamp: 1789061062982
- conda: https://conda.anaconda.org/conda-forge/linux-64/libcblas-3.11.0-11_h0358290_openblas.conda
  build_number: 11
  sha256: f7d1bbdea61cf94ba219d17b2cb571a29830f8025385af799bff5a7ad1ef45e6
  md5: 73a248c30811075059b5aeda766c2624
  depends:
  - libblas 3.11.0 11_h4a7cf45_openblas
  constrains:
  - blas 2.311   openblas
  - liblapack  3.11.0   11*_openblas
  - liblapacke 3.11.0   11*_openblas
  license: BSD-3-Clause
  license_family: BSD
  size: 18196
  timestamp: 1789061068819
- conda: https://conda.anaconda.org/conda-forge/linux-64/libedit-3.1.20250104-pl5321h373387f_1.conda
  sha256: 6473eb8caf2aae830f37caa93db9b26dddf7ac84b63229e8bf7fc0e5c3ab95b0
  md5: 50708d3b951d0f8e2d7f2df5b5edc040
  depends:
  - ncurses
  - libgcc >=14
  - __glibc >=2.17,<3.0.a0
  - ncurses >=6.6,<7.0a0
  license: BSD-2-Clause
  license_family: BSD
  size: 135098
  timestamp: 1786616658086
- conda: https://conda.anaconda.org/conda-forge/linux-64/libexpat-2.8.1-hecca717_1.conda
  sha256: 16feffd9ddbbe5b718515d38ee376c685ba95491cd901244e24671d20b952a77
  md5: b24d3c612f71e7aa74158d92106318b2
  depends:
  - __glibc >=2.17,<3.0.a0
  - libgcc >=14
  constrains:
  - expat 2.8.1.*
  license: MIT
  license_family: MIT
  size: 77856
  timestamp: 1781203599810
- conda: https://conda.anaconda.org/conda-forge/linux-64/libffi-3.7.0-h81df57d_1.conda
  sha256: c8c7583ef063bc3c430f1d48298e5ad24f796a35c22ed5b14183325825a61106
  md5: 6525a0b06aa4fd390795f0740636a9dd
  depends:
  - __glibc >=2.17,<3.0.a0
  - libgcc >=15
  license: MIT
  license_family: MIT
  size: 68004
  timestamp: 1787753412298
- conda: https://conda.anaconda.org/conda-forge/linux-64/libgcc-16.2.0-ha9f2e26_5.conda
  sha256: 33d1b5d57c5a55a474330c5ec41fe7001a5aa600d9639389e8ce5edafae216a4
  md5: 3b62b92f0f082b67c59618ebf07617a7
  depends:
  - __glibc >=2.17,<3.0.a0
  - _openmp_mutex >=4.5
  constrains:
  - libgcc-ng ==16.2.0=*_5
  - libgomp 16.2.0 he0feb66_5
  license: GPL-3.0-only WITH GCC-exception-3.1
  license_family: GPL
  size: 1057064
  timestamp: 1789485807107
- conda: https://conda.anaconda.org/conda-forge/linux-64/libgfortran-16.2.0-h69a702a_5.conda
  sha256: 7e694578cbabd46251d7a069d89da6479c5edd962d78bbc66a847c1b722a8365
  md5: 34ddf93e56ee44924ce76a614e5fb379
  depends:
  - libgfortran5 16.2.0 h6b99dfc_5
  constrains:
  - libgfortran-ng ==16.2.0=*_5
  license: GPL-3.0-only WITH GCC-exception-3.1
  license_family: GPL
  size: 28520
  timestamp: 1789485833036
- conda: https://conda.anaconda.org/conda-forge/linux-64/libgfortran5-16.2.0-h6b99dfc_5.conda
  sha256: cc767363e3148a18d3a3015eeaed722bbf8ca0acc3a29157df2965e97caa9803
  md5: a7eb3f9540094247ec8a2fa800cf9bbf
  depends:
  - __glibc >=2.17,<3.0.a0
  - libgcc >=16.2.0
  constrains:
  - libgfortran 16.2.0
  license: GPL-3.0-only WITH GCC-exception-3.1
  license_family: GPL
  size: 2528103
  timestamp: 1789485817694
- conda: https://conda.anaconda.org/conda-forge/linux-64/libgomp-16.2.0-he0feb66_5.conda
  sha256: 224a5a09e258a1a257089a9af310e9336e1d36834959718a9fab8679742dd822
  md5: af44890f8a2beefd3a83805a59a65014
  depends:
  - __glibc >=2.17,<3.0.a0
  license: GPL-3.0-only WITH GCC-exception-3.1
  license_family: GPL
  size: 641644
  timestamp: 1789485759120
- conda: https://conda.anaconda.org/conda-forge/linux-64/liblapack-3.11.0-11_h47877c9_openblas.conda
  build_number: 11
  sha256: 1ad3f43c9319ef398a8ef45989f4903a06e3965b51e77fc669a4c894168a8411
  md5: 5622a13917855ce4b953b9e655cf9262
  depends:
  - libblas 3.11.0 11_h4a7cf45_openblas
  constrains:
  - blas 2.311   openblas
  - libcblas   3.11.0   11*_openblas
  - liblapacke 3.11.0   11*_openblas
  license: BSD-3-Clause
  license_family: BSD
  size: 18227
  timestamp: 1789061073957
- conda: https://conda.anaconda.org/conda-forge/linux-64/liblzma-5.8.3-hb03c661_1.conda
  sha256: 9787df8c22a59c9a70d3e5a10db9ad663485e75e9ccc3f09bd092cb7b95e0dab
  md5: 1390b7c5ac0b1d8e447bc5efa6d3c8c2
  depends:
  - __glibc >=2.17,<3.0.a0
  - libgcc >=14
  constrains:
  - xz 5.8.3.*
  license: 0BSD
  size: 112995
  timestamp: 1786348617826
- conda: https://conda.anaconda.org/conda-forge/linux-64/libnsl-2.0.1-hb9d3cd8_1.conda
  sha256: 927fe72b054277cde6cb82597d0fcf6baf127dcbce2e0a9d8925a68f1265eef5
  md5: d864d34357c3b65a4b731f78c0801dc4
  depends:
  - __glibc >=2.17,<3.0.a0
  - libgcc >=13
  license: LGPL-2.1-only
  license_family: GPL
  size: 33731
  timestamp: 1750274110928
- conda: https://conda.anaconda.org/conda-forge/linux-64/libopenblas-0.3.34-pthreads_hf13c14d_2.conda
  sha256: 69a722751e14eab2eb3bfdcb9acb1187afbd962b0c49b48d829341e0f6787f60
  md5: 7e19fcd73d7f0997d3cb3326d2586a86
  depends:
  - libgfortran5 >=15.3.0
  - libgfortran
  - libgcc >=15
  - __glibc >=2.17,<3.0.a0
  constrains:
  - openblas >=0.3.34,<0.3.35.0a0
  license: BSD-3-Clause
  license_family: BSD
  size: 6845411
  timestamp: 1789141490688
- conda: https://conda.anaconda.org/conda-forge/linux-64/libpython-3.12.14-h0c77377_3_cpython.conda
  build_number: 3
  sha256: 6be16a4906d83eb8e9e04375d524f339f426a847cffd294f1ceb0611988dc17a
  md5: d247b7632f09324c11f24b5270361385
  depends:
  - __glibc >=2.17,<3.0.a0
  - libgcc >=15
  - libstdcxx >=15
  license: Python-2.0
  size: 8770625
  timestamp: 1788392466381
- conda: https://conda.anaconda.org/conda-forge/linux-64/libsodium-1.0.22-hebe6cf0_3.conda
  sha256: 2f73c05a1ad07e5a2cb43f0b3759cb04505f0c8bef30b43c9db0caa50218bfd8
  md5: 2d14868d78e969226e4ba07444c0dd25
  depends:
  - __glibc >=2.17,<3.0.a0
  - libgcc >=15
  license: ISC
  size: 270970
  timestamp: 1789425325397
- conda: https://conda.anaconda.org/conda-forge/linux-64/libsqlite-3.53.4-h13e7031_1.conda
  sha256: f20d70da54e5b31dd4a51fb1efeaafafd5ab6dd8d7ac9d1438eaa2526ac4ed3d
  md5: e72bbec309c2b0f37823ee7d4fabfcd3
  depends:
  - __glibc >=2.17,<3.0.a0
  - icu >=78.3,<79.0a0
  - libgcc >=15
  - libzlib >=1.3.2,<2.0a0
  license: blessing
  size: 974348
  timestamp: 1787051145557
- conda: https://conda.anaconda.org/conda-forge/linux-64/libstdcxx-16.2.0-h934c35e_5.conda
  sha256: 38cadde30fad8f7c101f9eec79f60bf03fc99310c7195d23f8b30832516d666f
  md5: 75b43a2912a0354204696708e4f34b8d
  depends:
  - __glibc >=2.17,<3.0.a0
  - libgcc 16.2.0 ha9f2e26_5
  constrains:
  - libstdcxx-ng ==16.2.0=*_5
  license: GPL-3.0-only WITH GCC-exception-3.1
  license_family: GPL
  size: 6618916
  timestamp: 1789485826390
- conda: https://conda.anaconda.org/conda-forge/linux-64/libuuid-2.42.3-hcfc3c73_0.conda
  sha256: aa58bbba56644ffd062a4a9b358782c5eb7560ccead2ab8f7c5c6ede0a7d33a6
  md5: 74a0a409d9f4561265d36b789d3f398a
  depends:
  - __glibc >=2.17,<3.0.a0
  - libgcc >=15
  license: BSD-3-Clause
  license_family: BSD
  size: 39998
  timestamp: 1788347719520
- conda: https://conda.anaconda.org/conda-forge/linux-64/libxcrypt-4.4.38-h280c20c_0.conda
  sha256: f7e9292dd219a6435bbb1223da9586c3e70d66d169c5a92f08db3f2127df04e9
  md5: f7a7ff5a6ab331e037abd34f379a631d
  depends:
  - libgcc >=14
  - __glibc >=2.17,<3.0.a0
  license: LGPL-2.1-or-later
  size: 101957
  timestamp: 1785887123445
- conda: https://conda.anaconda.org/conda-forge/linux-64/libzlib-1.3.2-h25fd6f3_3.conda
  sha256: eb8a0db0aa570124f7d2a93d7c7f596e3390df5e047818d873baad32985fc736
  md5: 0de0122d9570a8ab637c6b73db268389
  depends:
  - __glibc >=2.17,<3.0.a0
  constrains:
  - zlib 1.3.2 *_3
  license: Zlib
  license_family: Other
  size: 63713
  timestamp: 1785362952714
- conda: https://conda.anaconda.org/conda-forge/noarch/markdown-it-py-4.2.0-pyhd8ed1ab_0.conda
  sha256: 0c4c35376fe920714390d46e4b8d31c876d65f18e1655899e0763ec25f2a902f
  md5: 6d03368f2b2b0a5fb6839df53b2eb5e0
  depends:
  - mdurl >=0.1,<1
  - python >=3.10
  license: MIT
  license_family: MIT
  size: 69017
  timestamp: 1778169663339
- conda: https://conda.modular.com/max-nightly/linux-64/max-26.7.0.dev2026091805-3.12release.conda
  sha256: 66b7d6d828936147153be16fb29fc59e2406cc81367f82d117b3c6b0b12adec3
  md5: 067e54c95a5905ce25be4c9f35d7420e
  depends:
  - click >=8.0.0
  - exceptiongroup >=0.2.2
  - msgspec >=0.19.0
  - numpy >=1.18
  - psutil >=7.0.0
  - rich >=13.0.1
  - taskgroup >=0.2.2
  - typing-extensions >=4.12.2
  - python 3.12.*
  - python-gil
  - max-core ==26.7.0.dev2026091805
  license: LicenseRef-Modular-Proprietary
  size: 8633106
  timestamp: 1789709260358
- conda: https://conda.modular.com/max-nightly/linux-64/max-core-26.7.0.dev2026091805-release.conda
  sha256: 731963c63eaba87692eb27a5df6c4b0fbff3ade5981aef98ec7159623af75637
  md5: 9146b78902b608ddd3dfa80d02f1bcdb
  depends:
  - mojo-compiler ==1.2.0.dev2026091805
  license: LicenseRef-Modular-Proprietary
  size: 125049680
  timestamp: 1789709301702
- conda: https://conda.modular.com/max-nightly/noarch/mblack-26.7.0.dev2026091805-release.conda
  noarch: python
  sha256: 14b0a9122d9676dda954d2c8d0136ff831b28219681513ab52b21d3aeaa51381
  md5: d71f424f574774ca1ba6d4d62af8e4fd
  depends:
  - python >=3.10
  - click >=8.0.0
  - mypy_extensions >=0.4.3
  - packaging >=22.0
  - pathspec >=1.1.0
  - platformdirs >=2
  - tomli >=1.1.0
  license: LicenseRef-Modular-Proprietary
  size: 139570
  timestamp: 1789709047354
- conda: https://conda.anaconda.org/conda-forge/noarch/mdurl-0.1.2-pyhd8ed1ab_1.conda
  sha256: 78c1bbe1723449c52b7a9df1af2ee5f005209f67e40b6e1d3c7619127c43b1c7
  md5: 592132998493b3ff25fd7479396e8351
  depends:
  - python >=3.9
  license: MIT
  license_family: MIT
  size: 14465
  timestamp: 1733255681319
- conda: https://conda.modular.com/max-nightly/linux-64/mojo-1.2.0.dev2026091805-release.conda
  sha256: 744e88bec4478cb9273cdad94403994aa94998e5487fa1558100d3f6e2226d60
  md5: 5d579a278f47bd5b73d536856505fec0
  depends:
  - python >=3.10
  - mojo-compiler ==1.2.0.dev2026091805
  - mblack ==26.7.0.dev2026091805
  - jupyter_client >=8.6.2,<8.7
  license: LicenseRef-Modular-Proprietary
  size: 118244964
  timestamp: 1789709146864
- conda: https://conda.modular.com/max-nightly/linux-64/mojo-compiler-1.2.0.dev2026091805-release.conda
  sha256: 33f7fe2bbac12bf5413990549584288aa7996bc0018516f4e37085228973b4bf
  md5: 42b6b6249b944b9821a2483a5658ad2d
  depends:
  - mojo-python ==1.2.0.dev2026091805
  license: LicenseRef-Modular-Proprietary
  size: 70074398
  timestamp: 1789709146126
- conda: https://conda.modular.com/max-nightly/noarch/mojo-python-1.2.0.dev2026091805-release.conda
  noarch: python
  sha256: d8f56661101a6d6d5b9d7ef165ec15320db920c98dc72e737fb4693dad713eae
  md5: c9627fc066ea1440dd9a24e4f6771332
  depends:
  - python >=3.10
  license: LicenseRef-Modular-Proprietary
  size: 25415
  timestamp: 1789709047355
- conda: https://conda.anaconda.org/conda-forge/linux-64/msgspec-0.21.1-py312h5cc1888_1.conda
  sha256: 9d3d6b355388a24fcc1ea129bd94e099b0e235d5e2848173c06ea856116b661b
  md5: eaf2b621a3900cad16277f1b00a8feef
  depends:
  - __glibc >=2.17,<3.0.a0
  - libgcc >=15
  - python >=3.12,<3.13.0a0
  - python_abi 3.12.* *_cp312
  license: BSD-3-Clause
  license_family: BSD
  size: 221115
  timestamp: 1788774834070
- conda: https://conda.anaconda.org/conda-forge/noarch/mypy_extensions-1.1.0-pyha770c72_0.conda
  sha256: 6ed158e4e5dd8f6a10ad9e525631e35cee8557718f83de7a4e3966b1f772c4b1
  md5: e9c622e0d00fa24a6292279af3ab6d06
  depends:
  - python >=3.9
  license: MIT
  license_family: MIT
  size: 11766
  timestamp: 1745776666688
- conda: https://conda.anaconda.org/conda-forge/linux-64/ncurses-6.6-hdb14827_1.conda
  sha256: 5d46557214ed184381dafe835b7c94a474a1c3b307a08a250b1ea4779b44ffb3
  md5: ee6c0cd80a60961a1f48aa3e0b91f986
  depends:
  - __glibc >=2.17,<3.0.a0
  - libgcc >=14
  license: X11 AND BSD-3-Clause
  size: 911196
  timestamp: 1786355078102
- conda: https://conda.anaconda.org/conda-forge/noarch/nodeenv-1.10.0-pyhd8ed1ab_0.conda
  sha256: 4fa40e3e13fc6ea0a93f67dfc76c96190afd7ea4ffc1bac2612d954b42cdc3ee
  md5: eb52d14a901e23c39e9e7b4a1a5c015f
  depends:
  - python >=3.10
  - setuptools
  license: BSD-3-Clause
  license_family: BSD
  size: 40866
  timestamp: 1766261270149
- conda: https://conda.anaconda.org/conda-forge/linux-64/numpy-2.5.3-py312he827f4e_0.conda
  sha256: 5b0e4c7757a2df883c5615a8f64bc4c113c4cd303ae6caa3ada5d397d114ce2a
  md5: 5abf073f2cf066f2f3d28229b3cbe94d
  depends:
  - python
  - libstdcxx >=15
  - libgcc >=15
  - __glibc >=2.17,<3.0.a0
  - python_abi 3.12.* *_cp312
  - libblas >=3.9.0,<4.0a0
  - libcblas >=3.9.0,<4.0a0
  - liblapack >=3.9.0,<4.0a0
  constrains:
  - numpy-base <0a0
  license: BSD-3-Clause
  license_family: BSD
  size: 9230861
  timestamp: 1788731992112
- conda: https://conda.anaconda.org/conda-forge/linux-64/openssl-3.6.4-h781a0a9_0.conda
  sha256: 4747b2d6a8336f52343bceb8a1ebf41a9e6e665b9d2e3f989972de53a310599e
  md5: 16e3034a330cc625f2c685edec60cf4e
  depends:
  - __glibc >=2.17,<3.0.a0
  - ca-certificates
  - libgcc >=15
  license: Apache-2.0
  license_family: Apache
  size: 3202955
  timestamp: 1787698780103
- conda: https://conda.anaconda.org/conda-forge/noarch/packaging-26.3-pyhc364b38_0.conda
  sha256: c432626b16768b8dab228bfb706f7060c2d462a21c516d240f68f2f902b5a044
  md5: 936687ed80f295a1f5dbcf8bd34c252c
  depends:
  - python >=3.9
  - python
  license: Apache-2.0
  license_family: APACHE
  size: 116363
  timestamp: 1785888127370
- conda: https://conda.anaconda.org/conda-forge/noarch/pathspec-1.1.1-pyhd8ed1ab_0.conda
  sha256: 6eaee417d33f298db79bc7185ab1208604c0e6cf51dade34cd513c6f9db9c6f3
  md5: 11adc78451c998c0fd162584abfa3559
  depends:
  - python >=3.10
  license: MPL-2.0
  license_family: MOZILLA
  size: 56559
  timestamp: 1777271601895
- conda: https://conda.anaconda.org/conda-forge/noarch/platformdirs-4.11.8-pyh5ded981_0.conda
  sha256: 8cbae1fed8437e63c9bcc691927402edb3809fccb26b15eb095df7dd2eb73e5f
  md5: 48e9ecf08b0578a4313f13b2e2b0fd72
  depends:
  - python >=3.11
  - python
  license: MIT
  license_family: MIT
  size: 27718
  timestamp: 1788959137036
- conda: https://conda.anaconda.org/conda-forge/noarch/pre-commit-4.6.2-pyha770c72_0.conda
  sha256: fc0a0620a8f829c46787a9a13ddbae8b6049f2e77da353a8a2adaa01af0da7e2
  md5: c36b88db560b4e74f294380613f1a239
  depends:
  - cfgv >=2.0.0
  - identify >=1.0.0
  - nodeenv >=0.11.1
  - python >=3.10
  - pyyaml >=5.1
  - virtualenv >=20.10.0
  license: MIT
  license_family: MIT
  size: 201879
  timestamp: 1786408353117
- conda: https://conda.anaconda.org/conda-forge/linux-64/psutil-7.2.2-py312h1b36aeb_3.conda
  sha256: 9b6f0247591f062a188cd42580916476c0d939a89d65f3ecefb37e84b5c17d7a
  md5: 2f8faed6c111c9ed0c1d217bc1be75f2
  depends:
  - python
  - __glibc >=2.17,<3.0.a0
  - libgcc >=15
  - python_abi 3.12.* *_cp312
  license: BSD-3-Clause
  license_family: BSD
  size: 225549
  timestamp: 1789682039049
- conda: https://conda.anaconda.org/conda-forge/noarch/pycparser-3.0-pyhcf101f3_0.conda
  sha256: e27e0473fc6723311a0bd48b89b616fa1b996a2f7a2b555338cbbcfb9c640568
  md5: 9c5491066224083c41b6d5635ed7107b
  depends:
  - python >=3.10
  - python
  license: BSD-3-Clause
  license_family: BSD
  size: 55886
  timestamp: 1779293633166
- conda: https://conda.anaconda.org/conda-forge/noarch/pygments-2.21.0-pyhcf101f3_0.conda
  sha256: f5f015ff1bc3e1b7fc08eee096b1865234189ae0b82bebdb86a5369116e42fa0
  md5: 2882dee445dfa45b0c5afce3ffb7730a
  depends:
  - python >=3.10
  - python
  license: BSD-2-Clause
  license_family: BSD
  size: 959376
  timestamp: 1786995678795
- conda: https://conda.anaconda.org/conda-forge/linux-64/python-3.12.14-h5f976f7_3_cpython.conda
  build_number: 3
  sha256: 14c579b1016da04e4c9f1c5c857272d83ec447317d8c4074a07d59de3cef70ef
  md5: 98be3cf76eca2e8871f907a03aed3b84
  depends:
  - __glibc >=2.17,<3.0.a0
  - bzip2 >=1.0.8,<2.0a0
  - ld_impl_linux-64 >=2.36.1
  - libexpat >=2.8.1,<3.0a0
  - libffi >=3.7.0,<3.8.0a0
  - libgcc >=15
  - liblzma >=5.8.3,<6.0a0
  - libnsl >=2.0.1,<2.1.0a0
  - libpython 3.12.14 h0c77377_3_cpython
  - libsqlite >=3.53.4,<4.0a0
  - libuuid >=2.42.3,<3.0a0
  - libxcrypt >=4.4.38
  - libzlib >=1.3.2,<2.0a0
  - ncurses >=6.6,<7.0a0
  - openssl >=3.5.8,<4.0a0
  - readline >=8.3,<9.0a0
  - tk >=8.6.13,<8.7.0a0
  - tzdata
  constrains:
  - python_abi 3.12.* *_cp312
  license: Python-2.0
  size: 23044161
  timestamp: 1788392496306
- conda: https://conda.anaconda.org/conda-forge/noarch/python-dateutil-2.9.0.post0-pyhe01879c_2.conda
  sha256: d6a17ece93bbd5139e02d2bd7dbfa80bee1a4261dced63f65f679121686bf664
  md5: 5b8d21249ff20967101ffa321cab24e8
  depends:
  - python >=3.9
  - six >=1.5
  - python
  license: Apache-2.0
  license_family: APACHE
  size: 233310
  timestamp: 1751104122689
- conda: https://conda.anaconda.org/conda-forge/noarch/python-discovery-1.6.0-pyhcf101f3_0.conda
  sha256: e48089f2927811994b916d31953563097bc7e8d856965fbdeea3b4d407e3b89f
  md5: e87738e32eaf5dfa98a5d49f611d6312
  depends:
  - python >=3.10
  - filelock >=3.15.4
  - python
  license: MIT
  license_family: MIT
  size: 38928
  timestamp: 1787953569064
- conda: https://conda.anaconda.org/conda-forge/noarch/python-gil-3.12.14-hd8ed1ab_3.conda
  sha256: 7096d98d7dd0cdb9256c5714d7228a8ce7aca3bd014304ea5c1673c259df72ef
  md5: 7fafcd204183cfa7c1ae4ad9c2d8d414
  depends:
  - cpython 3.12.14.*
  - python_abi * *_cp312
  license: Python-2.0
  size: 47142
  timestamp: 1788391303150
- conda: https://conda.anaconda.org/conda-forge/noarch/python_abi-3.12-9_cp312.conda
  build_number: 9
  sha256: ee9c2922e07afc85fc82d5fa82c9ac2c79da3be3283a5e17bf2f2ae38dbd02fb
  md5: 4c32076993e6270825441d059ab5c18b
  constrains:
  - python 3.12.* *_cpython
  license: BSD-3-Clause
  license_family: BSD
  size: 6751
  timestamp: 1788302823694
- conda: https://conda.anaconda.org/conda-forge/linux-64/pyyaml-6.0.3-py312h8a5da7c_1.conda
  sha256: cb142bfd92f6e55749365ddc244294fa7b64db6d08c45b018ff1c658907bfcbf
  md5: 15878599a87992e44c059731771591cb
  depends:
  - __glibc >=2.17,<3.0.a0
  - libgcc >=14
  - python >=3.12,<3.13.0a0
  - python_abi 3.12.* *_cp312
  - yaml >=0.2.5,<0.3.0a0
  license: MIT
  license_family: MIT
  size: 198293
  timestamp: 1770223620706
- conda: https://conda.anaconda.org/conda-forge/linux-64/pyzmq-27.2.0-py312h8a5ba0d_2.conda
  noarch: python
  sha256: d1323678d9403504d05cdf6a65bbd648f8667a89d9d5d4146ff96bae0e5311a7
  md5: 2186325469ffe83c7b8807d638a478d9
  depends:
  - python
  - __glibc >=2.17,<3.0.a0
  - libgcc >=15
  - libstdcxx >=15
  - zeromq >=4.3.5,<4.4.0a0
  - _python_abi3_support 1.*
  - cpython >=3.12
  license: BSD-3-Clause
  license_family: BSD
  size: 216556
  timestamp: 1789730121925
- conda: https://conda.anaconda.org/conda-forge/linux-64/readline-8.3-hd6e31c0_1.conda
  sha256: 01b3fe073a66e321970d09e04b388708f8cbdca5cdfbfcb7c9eeb470ad10383d
  md5: 69c01c781e7c8190bbdaf79e3848c5ca
  depends:
  - __glibc >=2.17,<3.0.a0
  - libgcc >=15
  - ncurses >=6.6,<7.0a0
  license: GPL-3.0-only
  license_family: GPL
  size: 348899
  timestamp: 1787033801506
- conda: https://conda.anaconda.org/conda-forge/noarch/rich-15.0.0-pyhcf101f3_0.conda
  sha256: 3d6ba2c0fcdac3196ba2f0615b4104e532525ffa1335b50a2878be5ff488814a
  md5: 0242025a3c804966bf71aa04eee82f66
  depends:
  - markdown-it-py >=2.2.0
  - pygments >=2.13.0,<3.0.0
  - python >=3.10
  - typing_extensions >=4.0.0,<5.0.0
  - python
  license: MIT
  license_family: MIT
  size: 208577
  timestamp: 1775991661559
- conda: https://conda.anaconda.org/conda-forge/noarch/setuptools-84.0.0-pyh332efcf_0.conda
  sha256: 9e200ee5f9ff19a4d94e4b51c4856d53dec849f91032f345cf0c6bc3d51a7183
  md5: 62ac906f1cd582c6c264c95625cb9d6f
  depends:
  - python >=3.10
  license: MIT
  license_family: MIT
  size: 524488
  timestamp: 1786282924579
- conda: https://conda.anaconda.org/conda-forge/noarch/six-1.17.0-pyhe01879c_1.conda
  sha256: 458227f759d5e3fcec5d9b7acce54e10c9e1f4f4b7ec978f3bfd54ce4ee9853d
  md5: 3339e3b65d58accf4ca4fb8748ab16b3
  depends:
  - python >=3.9
  - python
  license: MIT
  license_family: MIT
  size: 18455
  timestamp: 1753199211006
- conda: https://conda.anaconda.org/conda-forge/noarch/taskgroup-0.2.2-pyhd8ed1ab_0.conda
  sha256: 6f8db6da8de445930de55b708e6a5d3ab5f076bc14a39578db0190b2a9b8e437
  md5: 9fa69537fb68a095fbac139210575bad
  depends:
  - exceptiongroup
  - python >=3.9
  - typing_extensions >=4.12.2,<5
  license: MIT
  license_family: MIT
  size: 17330
  timestamp: 1736003478648
- conda: https://conda.anaconda.org/conda-forge/linux-64/tk-8.6.13-noxft_h1df4ec4_4.conda
  build_number: 104
  sha256: a1a241d172c1ccab067ba245206dd048bc3c2d1b84504b53c9468e99adfc16a1
  md5: 676a2f9b1c4fcf57b70aa5c65f6c60d0
  depends:
  - libgcc >=15
  - __glibc >=2.17,<3.0.a0
  - libzlib >=1.3.2,<2.0a0
  constrains:
  - xorg-libx11 >=1.8.13,<2.0a0
  license: TCL
  size: 3566806
  timestamp: 1787272857910
- conda: https://conda.anaconda.org/conda-forge/noarch/tomli-2.4.1-pyhcf101f3_0.conda
  sha256: 91cafdb64268e43e0e10d30bd1bef5af392e69f00edd34dfaf909f69ab2da6bd
  md5: b5325cf06a000c5b14970462ff5e4d58
  depends:
  - python >=3.10
  - python
  license: MIT
  license_family: MIT
  size: 21561
  timestamp: 1774492402955
- conda: https://conda.anaconda.org/conda-forge/linux-64/tornado-6.5.8-py312h5cc1888_2.conda
  sha256: 01ffcb9966caa35a344216a89f37a0bc7b281cd6bf50b803d55a9f6bc04cb072
  md5: 7a327c3f25e34e434b681906f47e53bc
  depends:
  - __glibc >=2.17,<3.0.a0
  - libgcc >=15
  - python >=3.12,<3.13.0a0
  - python_abi 3.12.* *_cp312
  license: Apache-2.0
  license_family: Apache
  size: 867409
  timestamp: 1789076971563
- conda: https://conda.anaconda.org/conda-forge/noarch/traitlets-5.16.1-pyhcf101f3_0.conda
  sha256: 03dba5917f944c6684ab44c81daacac1624cd148e4b2cae215dcec594a210c48
  md5: a79bf97561232a31447b6246c2153ab5
  depends:
  - python >=3.10
  - python
  license: BSD-3-Clause
  license_family: BSD
  size: 116935
  timestamp: 1785761789772
- conda: https://conda.anaconda.org/conda-forge/noarch/typing-extensions-4.16.0-h69aa097_0.conda
  sha256: b141933ece3518f6d7b75dfb59451e2f26b405a44c18e2518a83e9a02e09315c
  md5: c680b5747e8c4c8f23dca0bb7042a8fc
  depends:
  - typing_extensions ==4.16.0 pyhcf101f3_0
  license: PSF-2.0
  license_family: PSF
  size: 94080
  timestamp: 1783002732887
- conda: https://conda.anaconda.org/conda-forge/noarch/typing_extensions-4.16.0-pyhcf101f3_0.conda
  sha256: 2d888f90af0686044882c74193ec80a90ec1943145d94a7b1b048958acda1848
  md5: c70ad746c22219b9700931707482992c
  depends:
  - python >=3.10
  - python
  license: PSF-2.0
  license_family: PSF
  size: 52631
  timestamp: 1783002732887
- conda: https://conda.anaconda.org/conda-forge/noarch/tzdata-2026c-h151e31d_0.conda
  sha256: b928c30ddcb0e3f544c6eade8352737e6e610e263276b90232db6a578ef899d8
  md5: fcb489df604d100968b737f2cb6076c6
  license: LicenseRef-Public-Domain
  size: 118849
  timestamp: 1784250406640
- conda: https://conda.anaconda.org/conda-forge/linux-64/ukkonen-1.1.0-py312hd9148b4_0.conda
  sha256: c975070ac28fe23a5bbb2b8aeca5976b06630eb2de2dc149782f74018bf07ae8
  md5: 55fd03988b1b1bc6faabbfb5b481ecd7
  depends:
  - __glibc >=2.17,<3.0.a0
  - cffi
  - libgcc >=14
  - libstdcxx >=14
  - python >=3.12,<3.13.0a0
  - python_abi 3.12.* *_cp312
  license: MIT
  license_family: MIT
  size: 14882
  timestamp: 1769438717830
- conda: https://conda.anaconda.org/conda-forge/noarch/virtualenv-21.7.9-pyh5ded981_0.conda
  sha256: ca02653d02c45de60dec25400d0a11f2edc07a3dd191e7e1f5c3b4a454e27c8b
  md5: 861471c1a801f8ee06568ffb6ec26cb7
  depends:
  - python >=3.11
  - distlib >=0.3.7,<1
  - filelock >=3.24.2,<4
  - platformdirs >=3.9.1,<5
  - python-discovery >=1.6
  - typing_extensions >=4.13.2
  - python
  license: MIT
  license_family: MIT
  size: 3895514
  timestamp: 1788948703859
- conda: https://conda.anaconda.org/conda-forge/linux-64/yaml-0.2.5-hebe6cf0_3.conda
  sha256: d164dfa75ecd538f6fd68765defcc06aa875bc697b9b215362d79a2a73125dd0
  md5: e741576fb8f89821ac7c1c537322a33d
  depends:
  - __glibc >=2.17,<3.0.a0
  - libgcc >=15
  license: MIT
  license_family: MIT
  size: 84936
  timestamp: 1787228426393
- conda: https://conda.anaconda.org/conda-forge/linux-64/zeromq-4.3.5-h901266b_12.conda
  sha256: 37dc9a5ff564fdce07c5ad002ee572057cf41dedda274d7abc154e77094d981a
  md5: 292a05f1436b98e17055090b5ef07746
  depends:
  - __glibc >=2.17,<3.0.a0
  - libgcc >=15
  - libstdcxx >=15
  - libsodium >=1.0.22,<1.0.23.0a0
  - krb5 >=1.22.2,<1.23.0a0
  license: MPL-2.0
  license_family: MOZILLA
  size: 321839
  timestamp: 1789076548604
- conda: https://conda.anaconda.org/conda-forge/noarch/zipp-4.1.0-pyhcf101f3_0.conda
  sha256: 210bd31c22bb88f5e2a167df24c95bb5f152b2ada7502f9b8c49d1f5366db423
  md5: ba3dcdc8584155c97c648ae9c044b7a3
  depends:
  - python >=3.10
  - python
  license: MIT
  license_family: MIT
  size: 24190
  timestamp: 1779159948016
- conda: https://conda.anaconda.org/conda-forge/linux-64/zstd-1.5.7-hb78ec9c_7.conda
  sha256: 47d682b9f6d6ec9eb1a6e6c3e75ea6273e899e78fb7fc59f81d39745009fbc60
  md5: aa459086047c0e5e27023ab19f8cb86a
  depends:
  - __glibc >=2.17,<3.0.a0
  - libzlib >=1.3.2,<2.0a0
  license: BSD-3-Clause
  license_family: BSD
  size: 601301
  timestamp: 1786599621503
